
Microsoft Visual Studio Solution File, Format Version 12.00
# Visual Studio Version 17
VisualStudioVersion = 17.6.33723.286
MinimumVisualStudioVersion = 10.0.40219.1
Project("{FAE04EC0-301F-11D3-BF4B-00C04F79EFBC}") = "v0615", "v0615\v0615.csproj", "{CF17E55F-1F4F-44C6-8022-E71F2948BD93}"
EndProject
Global
	GlobalSection(SolutionConfigurationPlatforms) = preSolution
		Debug|Any CPU = Debug|Any CPU
		Release|Any CPU = Release|Any CPU
	EndGlobalSection
	GlobalSection(ProjectConfigurationPlatforms) = postSolution
		{CF17E55F-1F4F-44C6-8022-E71F2948BD93}.Debug|Any CPU.ActiveCfg = Debug|Any CPU
		{CF17E55F-1F4F-44C6-8022-E71F2948BD93}.Debug|Any CPU.Build.0 = Debug|Any CPU
		{CF17E55F-1F4F-44C6-8022-E71F2948BD93}.Release|Any CPU.ActiveCfg = Release|Any CPU
		{CF17E55F-1F4F-44C6-8022-E71F2948BD93}.Release|Any CPU.Build.0 = Release|Any CPU
	EndGlobalSection
	GlobalSection(SolutionProperties) = preSolution
		HideSolutionNode = FALSE
	EndGlobalSection
	GlobalSection(ExtensibilityGlobals) = postSolution
		SolutionGuid = {0A728828-5D74-4751-B3F6-53CB099335F9}
	EndGlobalSection
EndGlobal
